
Microsoft Visual Studio Solution File, Format Version 12.00
# Visual Studio 15
VisualStudioVersion = 15.0.28307.106
MinimumVisualStudioVersion = 10.0.40219.1
Project("{9092AA53-FB77-4645-B42D-1CCCA6BD08BD}") = "CustomersCRUD", "CustomersCRUD\CustomersCRUD.njsproj", "{77B0B597-6BEB-48A3-B1B1-09FD1333051F}"
EndProject
Global
	GlobalSection(SolutionConfigurationPlatforms) = preSolution
		Debug|Any CPU = Debug|Any CPU
		Release|Any CPU = Release|Any CPU
	EndGlobalSection
	GlobalSection(ProjectConfigurationPlatforms) = postSolution
		{77B0B597-6BEB-48A3-B1B1-09FD1333051F}.Debug|Any CPU.ActiveCfg = Debug|Any CPU
		{77B0B597-6BEB-48A3-B1B1-09FD1333051F}.Debug|Any CPU.Build.0 = Debug|Any CPU
		{77B0B597-6BEB-48A3-B1B1-09FD1333051F}.Release|Any CPU.ActiveCfg = Release|Any CPU
		{77B0B597-6BEB-48A3-B1B1-09FD1333051F}.Release|Any CPU.Build.0 = Release|Any CPU
	EndGlobalSection
	GlobalSection(SolutionProperties) = preSolution
		HideSolutionNode = FALSE
	EndGlobalSection
	GlobalSection(ExtensibilityGlobals) = postSolution
		SolutionGuid = {010F7092-0A0E-4595-8D0E-D79573FA2C63}
	EndGlobalSection
EndGlobal
